
Microsoft Visual Studio Solution File, Format Version 12.00
# Visual Studio Version 17
VisualStudioVersion = 17.2.32526.322
MinimumVisualStudioVersion = 10.0.40219.1
Project("{8BC9CEB8-8B4A-11D0-8D11-00A0C91BC942}") = "0319_bulb_switcher", "0319_bulb_switcher.vcxproj", "{596C1D6A-ABD4-4336-8E89-2A6E320F7BB2}"
EndProject
Global
	GlobalSection(SolutionConfigurationPlatforms) = preSolution
		Debug|x64 = Debug|x64
		Debug|x86 = Debug|x86
		Release|x64 = Release|x64
		Release|x86 = Release|x86
	EndGlobalSection
	GlobalSection(ProjectConfigurationPlatforms) = postSolution
		{596C1D6A-ABD4-4336-8E89-2A6E320F7BB2}.Debug|x64.ActiveCfg = Debug|x64
		{596C1D6A-ABD4-4336-8E89-2A6E320F7BB2}.Debug|x64.Build.0 = Debug|x64
		{596C1D6A-ABD4-4336-8E89-2A6E320F7BB2}.Debug|x86.ActiveCfg = Debug|Win32
		{596C1D6A-ABD4-4336-8E89-2A6E320F7BB2}.Debug|x86.Build.0 = Debug|Win32
		{596C1D6A-ABD4-4336-8E89-2A6E320F7BB2}.Release|x64.ActiveCfg = Release|x64
		{596C1D6A-ABD4-4336-8E89-2A6E320F7BB2}.Release|x64.Build.0 = Release|x64
		{596C1D6A-ABD4-4336-8E89-2A6E320F7BB2}.Release|x86.ActiveCfg = Release|Win32
		{596C1D6A-ABD4-4336-8E89-2A6E320F7BB2}.Release|x86.Build.0 = Release|Win32
	EndGlobalSection
	GlobalSection(SolutionProperties) = preSolution
		HideSolutionNode = FALSE
	EndGlobalSection
	GlobalSection(ExtensibilityGlobals) = postSolution
		SolutionGuid = {881DF174-2782-456C-B9D1-9C3DB62524AD}
	EndGlobalSection
EndGlobal
