
Microsoft Visual Studio Solution File, Format Version 12.00
# Visual Studio Version 17
VisualStudioVersion = 17.2.32526.322
MinimumVisualStudioVersion = 10.0.40219.1
Project("{8BC9CEB8-8B4A-11D0-8D11-00A0C91BC942}") = "0167_two_sum_ii_input_array_is_sorted", "0167_two_sum_ii_input_array_is_sorted.vcxproj", "{B6B3CA86-56F1-4BDB-A367-0446EEA0318F}"
EndProject
Global
	GlobalSection(SolutionConfigurationPlatforms) = preSolution
		Debug|x64 = Debug|x64
		Debug|x86 = Debug|x86
		Release|x64 = Release|x64
		Release|x86 = Release|x86
	EndGlobalSection
	GlobalSection(ProjectConfigurationPlatforms) = postSolution
		{B6B3CA86-56F1-4BDB-A367-0446EEA0318F}.Debug|x64.ActiveCfg = Debug|x64
		{B6B3CA86-56F1-4BDB-A367-0446EEA0318F}.Debug|x64.Build.0 = Debug|x64
		{B6B3CA86-56F1-4BDB-A367-0446EEA0318F}.Debug|x86.ActiveCfg = Debug|Win32
		{B6B3CA86-56F1-4BDB-A367-0446EEA0318F}.Debug|x86.Build.0 = Debug|Win32
		{B6B3CA86-56F1-4BDB-A367-0446EEA0318F}.Release|x64.ActiveCfg = Release|x64
		{B6B3CA86-56F1-4BDB-A367-0446EEA0318F}.Release|x64.Build.0 = Release|x64
		{B6B3CA86-56F1-4BDB-A367-0446EEA0318F}.Release|x86.ActiveCfg = Release|Win32
		{B6B3CA86-56F1-4BDB-A367-0446EEA0318F}.Release|x86.Build.0 = Release|Win32
	EndGlobalSection
	GlobalSection(SolutionProperties) = preSolution
		HideSolutionNode = FALSE
	EndGlobalSection
	GlobalSection(ExtensibilityGlobals) = postSolution
		SolutionGuid = {2BB7D587-3696-486F-A7DE-557DF549C151}
	EndGlobalSection
EndGlobal
